
Microsoft Visual Studio Solution File, Format Version 12.00
# Visual Studio Version 17
VisualStudioVersion = 17.0.31903.59
MinimumVisualStudioVersion = 10.0.40219.1
Project("{FAE04EC0-301F-11D3-BF4B-00C04F79EFBC}") = "API", "API\API.csproj", "{D6FA190B-045B-4D1B-A821-4269B87D21F6}"
EndProject
Project("{FAE04EC0-301F-11D3-BF4B-00C04F79EFBC}") = "Application", "Application\Application.csproj", "{A999928D-738C-49C4-89B7-9D0FE25C3428}"
EndProject
Project("{FAE04EC0-301F-11D3-BF4B-00C04F79EFBC}") = "Domain", "Domain\Domain.csproj", "{6E71286B-4C39-427A-A1F7-18BD5FA9D620}"
EndProject
Project("{FAE04EC0-301F-11D3-BF4B-00C04F79EFBC}") = "Persistence", "Persistence\Persistence.csproj", "{69D2E8D1-DA46-4965-B354-C6D8FD82234A}"
EndProject
Global
	GlobalSection(SolutionConfigurationPlatforms) = preSolution
		Debug|Any CPU = Debug|Any CPU
		Release|Any CPU = Release|Any CPU
	EndGlobalSection
	GlobalSection(SolutionProperties) = preSolution
		HideSolutionNode = FALSE
	EndGlobalSection
	GlobalSection(ProjectConfigurationPlatforms) = postSolution
		{D6FA190B-045B-4D1B-A821-4269B87D21F6}.Debug|Any CPU.ActiveCfg = Debug|Any CPU
		{D6FA190B-045B-4D1B-A821-4269B87D21F6}.Debug|Any CPU.Build.0 = Debug|Any CPU
		{D6FA190B-045B-4D1B-A821-4269B87D21F6}.Release|Any CPU.ActiveCfg = Release|Any CPU
		{D6FA190B-045B-4D1B-A821-4269B87D21F6}.Release|Any CPU.Build.0 = Release|Any CPU
		{A999928D-738C-49C4-89B7-9D0FE25C3428}.Debug|Any CPU.ActiveCfg = Debug|Any CPU
		{A999928D-738C-49C4-89B7-9D0FE25C3428}.Debug|Any CPU.Build.0 = Debug|Any CPU
		{A999928D-738C-49C4-89B7-9D0FE25C3428}.Release|Any CPU.ActiveCfg = Release|Any CPU
		{A999928D-738C-49C4-89B7-9D0FE25C3428}.Release|Any CPU.Build.0 = Release|Any CPU
		{6E71286B-4C39-427A-A1F7-18BD5FA9D620}.Debug|Any CPU.ActiveCfg = Debug|Any CPU
		{6E71286B-4C39-427A-A1F7-18BD5FA9D620}.Debug|Any CPU.Build.0 = Debug|Any CPU
		{6E71286B-4C39-427A-A1F7-18BD5FA9D620}.Release|Any CPU.ActiveCfg = Release|Any CPU
		{6E71286B-4C39-427A-A1F7-18BD5FA9D620}.Release|Any CPU.Build.0 = Release|Any CPU
		{69D2E8D1-DA46-4965-B354-C6D8FD82234A}.Debug|Any CPU.ActiveCfg = Debug|Any CPU
		{69D2E8D1-DA46-4965-B354-C6D8FD82234A}.Debug|Any CPU.Build.0 = Debug|Any CPU
		{69D2E8D1-DA46-4965-B354-C6D8FD82234A}.Release|Any CPU.ActiveCfg = Release|Any CPU
		{69D2E8D1-DA46-4965-B354-C6D8FD82234A}.Release|Any CPU.Build.0 = Release|Any CPU
	EndGlobalSection
EndGlobal
